
Microsoft Visual Studio Solution File, Format Version 12.00
# Visual Studio 15
VisualStudioVersion = 15.0.28307.539
MinimumVisualStudioVersion = 10.0.40219.1
Project("{FAE04EC0-301F-11D3-BF4B-00C04F79EFBC}") = "BinaryGap", "ConsoleApp1\BinaryGap.csproj", "{4698A821-4005-4DA3-8E2C-EE636B692439}"
EndProject
Global
	GlobalSection(SolutionConfigurationPlatforms) = preSolution
		Debug|Any CPU = Debug|Any CPU
		Release|Any CPU = Release|Any CPU
	EndGlobalSection
	GlobalSection(ProjectConfigurationPlatforms) = postSolution
		{4698A821-4005-4DA3-8E2C-EE636B692439}.Debug|Any CPU.ActiveCfg = Debug|Any CPU
		{4698A821-4005-4DA3-8E2C-EE636B692439}.Debug|Any CPU.Build.0 = Debug|Any CPU
		{4698A821-4005-4DA3-8E2C-EE636B692439}.Release|Any CPU.ActiveCfg = Release|Any CPU
		{4698A821-4005-4DA3-8E2C-EE636B692439}.Release|Any CPU.Build.0 = Release|Any CPU
	EndGlobalSection
	GlobalSection(SolutionProperties) = preSolution
		HideSolutionNode = FALSE
	EndGlobalSection
	GlobalSection(ExtensibilityGlobals) = postSolution
		SolutionGuid = {78589254-59EB-451A-BDF4-4AFC23C00207}
	EndGlobalSection
EndGlobal
